// !$*UTF8*$!
{
	archiveVersion = 1;
	classes = {
	};
	objectVersion = 50;
	objects = {

/* Begin PBXBuildFile section */
		1E090C7430C5B002BE10E3D7 /* Pods_B_Category.framework in Frameworks */ = {isa = PBXBuildFile; fileRef = A8F8F10D37793FD37D2943EE /* Pods_B_Category.framework */; };
		B1FB405D21E376A60086AF58 /* AppDelegate.m in Sources */ = {isa = PBXBuildFile; fileRef = B1FB405C21E376A60086AF58 /* AppDelegate.m */; };
		B1FB406021E376A60086AF58 /* ViewController.m in Sources */ = {isa = PBXBuildFile; fileRef = B1FB405F21E376A60086AF58 /* ViewController.m */; };
		B1FB406321E376A60086AF58 /* Main.storyboard in Resources */ = {isa = PBXBuildFile; fileRef = B1FB406121E376A60086AF58 /* Main.storyboard */; };
		B1FB406521E376A70086AF58 /* Assets.xcassets in Resources */ = {isa = PBXBuildFile; fileRef = B1FB406421E376A70086AF58 /* Assets.xcassets */; };
		B1FB406821E376A70086AF58 /* LaunchScreen.storyboard in Resources */ = {isa = PBXBuildFile; fileRef = B1FB406621E376A70086AF58 /* LaunchScreen.storyboard */; };
		B1FB406B21E376A70086AF58 /* main.m in Sources */ = {isa = PBXBuildFile; fileRef = B1FB406A21E376A70086AF58 /* main.m */; };
		B1FB407521E376A70086AF58 /* B_CategoryTests.m in Sources */ = {isa = PBXBuildFile; fileRef = B1FB407421E376A70086AF58 /* B_CategoryTests.m */; };
		B1FB408221E377CB0086AF58 /* CTMediator+B.m in Sources */ = {isa = PBXBuildFile; fileRef = B1FB408121E377CB0086AF58 /* CTMediator+B.m */; };
/* End PBXBuildFile section */

/* Begin PBXContainerItemProxy section */
		B1FB407121E376A70086AF58 /* PBXContainerItemProxy */ = {
			isa = PBXContainerItemProxy;
			containerPortal = B1FB405021E376A60086AF58 /* Project object */;
			proxyType = 1;
			remoteGlobalIDString = B1FB405721E376A60086AF58;
			remoteInfo = B_Category;
		};
/* End PBXContainerItemProxy section */

/* Begin PBXFileReference section */
		A8F8F10D37793FD37D2943EE /* Pods_B_Category.framework */ = {isa = PBXFileReference; explicitFileType = wrapper.framework; includeInIndex = 0; path = Pods_B_Category.framework; sourceTree = BUILT_PRODUCTS_DIR; };
		B1FB405821E376A60086AF58 /* B_Category.app */ = {isa = PBXFileReference; explicitFileType = wrapper.application; includeInIndex = 0; path = B_Category.app; sourceTree = BUILT_PRODUCTS_DIR; };
		B1FB405B21E376A60086AF58 /* AppDelegate.h */ = {isa = PBXFileReference; lastKnownFileType = sourcecode.c.h; path = AppDelegate.h; sourceTree = "<group>"; };
		B1FB405C21E376A60086AF58 /* AppDelegate.m */ = {isa = PBXFileReference; lastKnownFileType = sourcecode.c.objc; path = AppDelegate.m; sourceTree = "<group>"; };
		B1FB405E21E376A60086AF58 /* ViewController.h */ = {isa = PBXFileReference; lastKnownFileType = sourcecode.c.h; path = ViewController.h; sourceTree = "<group>"; };
		B1FB405F21E376A60086AF58 /* ViewController.m */ = {isa = PBXFileReference; lastKnownFileType = sourcecode.c.objc; path = ViewController.m; sourceTree = "<group>"; };
		B1FB406221E376A60086AF58 /* Base */ = {isa = PBXFileReference; lastKnownFileType = file.storyboard; name = Base; path = Base.lproj/Main.storyboard; sourceTree = "<group>"; };
		B1FB406421E376A70086AF58 /* Assets.xcassets */ = {isa = PBXFileReference; lastKnownFileType = folder.assetcatalog; path = Assets.xcassets; sourceTree = "<group>"; };
		B1FB406721E376A70086AF58 /* Base */ = {isa = PBXFileReference; lastKnownFileType = file.storyboard; name = Base; path = Base.lproj/LaunchScreen.storyboard; sourceTree = "<group>"; };
		B1FB406921E376A70086AF58 /* Info.plist */ = {isa = PBXFileReference; lastKnownFileType = text.plist.xml; path = Info.plist; sourceTree = "<group>"; };
		B1FB406A21E376A70086AF58 /* main.m */ = {isa = PBXFileReference; lastKnownFileType = sourcecode.c.objc; path = main.m; sourceTree = "<group>"; };
		B1FB407021E376A70086AF58 /* B_CategoryTests.xctest */ = {isa = PBXFileReference; explicitFileType = wrapper.cfbundle; includeInIndex = 0; path = B_CategoryTests.xctest; sourceTree = BUILT_PRODUCTS_DIR; };
		B1FB407421E376A70086AF58 /* B_CategoryTests.m */ = {isa = PBXFileReference; lastKnownFileType = sourcecode.c.objc; path = B_CategoryTests.m; sourceTree = "<group>"; };
		B1FB407621E376A70086AF58 /* Info.plist */ = {isa = PBXFileReference; lastKnownFileType = text.plist.xml; path = Info.plist; sourceTree = "<group>"; };
		B1FB408021E377CB0086AF58 /* CTMediator+B.h */ = {isa = PBXFileReference; lastKnownFileType = sourcecode.c.h; path = "CTMediator+B.h"; sourceTree = "<group>"; };
		B1FB408121E377CB0086AF58 /* CTMediator+B.m */ = {isa = PBXFileReference; lastKnownFileType = sourcecode.c.objc; path = "CTMediator+B.m"; sourceTree = "<group>"; };
		BAC296FCE254C8A033AF246F /* Pods-B_Category.debug.xcconfig */ = {isa = PBXFileReference; includeInIndex = 1; lastKnownFileType = text.xcconfig; name = "Pods-B_Category.debug.xcconfig"; path = "Pods/Target Support Files/Pods-B_Category/Pods-B_Category.debug.xcconfig"; sourceTree = "<group>"; };
		FD834A799E346AD71C4A1991 /* Pods-B_Category.release.xcconfig */ = {isa = PBXFileReference; includeInIndex = 1; lastKnownFileType = text.xcconfig; name = "Pods-B_Category.release.xcconfig"; path = "Pods/Target Support Files/Pods-B_Category/Pods-B_Category.release.xcconfig"; sourceTree = "<group>"; };
/* End PBXFileReference section */

/* Begin PBXFrameworksBuildPhase section */
		B1FB405521E376A60086AF58 /* Frameworks */ = {
			isa = PBXFrameworksBuildPhase;
			buildActionMask = 2147483647;
			files = (
				1E090C7430C5B002BE10E3D7 /* Pods_B_Category.framework in Frameworks */,
			);
			runOnlyForDeploymentPostprocessing = 0;
		};
		B1FB406D21E376A70086AF58 /* Frameworks */ = {
			isa = PBXFrameworksBuildPhase;
			buildActionMask = 2147483647;
			files = (
			);
			runOnlyForDeploymentPostprocessing = 0;
		};
/* End PBXFrameworksBuildPhase section */

/* Begin PBXGroup section */
		97483E71DD87F33D94E62729 /* Frameworks */ = {
			isa = PBXGroup;
			children = (
				A8F8F10D37793FD37D2943EE /* Pods_B_Category.framework */,
			);
			name = Frameworks;
			sourceTree = "<group>";
		};
		A138770F41291D236642C322 /* Pods */ = {
			isa = PBXGroup;
			children = (
				BAC296FCE254C8A033AF246F /* Pods-B_Category.debug.xcconfig */,
				FD834A799E346AD71C4A1991 /* Pods-B_Category.release.xcconfig */,
			);
			name = Pods;
			sourceTree = "<group>";
		};
		B1FB404F21E376A60086AF58 = {
			isa = PBXGroup;
			children = (
				B1FB405A21E376A60086AF58 /* B_Category */,
				B1FB407321E376A70086AF58 /* B_CategoryTests */,
				B1FB405921E376A60086AF58 /* Products */,
				A138770F41291D236642C322 /* Pods */,
				97483E71DD87F33D94E62729 /* Frameworks */,
			);
			sourceTree = "<group>";
		};
		B1FB405921E376A60086AF58 /* Products */ = {
			isa = PBXGroup;
			children = (
				B1FB405821E376A60086AF58 /* B_Category.app */,
				B1FB407021E376A70086AF58 /* B_CategoryTests.xctest */,
			);
			name = Products;
			sourceTree = "<group>";
		};
		B1FB405A21E376A60086AF58 /* B_Category */ = {
			isa = PBXGroup;
			children = (
				B1FB405B21E376A60086AF58 /* AppDelegate.h */,
				B1FB405C21E376A60086AF58 /* AppDelegate.m */,
				B1FB407F21E377B90086AF58 /* B_Category */,
				B1FB405E21E376A60086AF58 /* ViewController.h */,
				B1FB405F21E376A60086AF58 /* ViewController.m */,
				B1FB406121E376A60086AF58 /* Main.storyboard */,
				B1FB406421E376A70086AF58 /* Assets.xcassets */,
				B1FB406621E376A70086AF58 /* LaunchScreen.storyboard */,
				B1FB406921E376A70086AF58 /* Info.plist */,
				B1FB406A21E376A70086AF58 /* main.m */,
			);
			path = B_Category;
			sourceTree = "<group>";
		};
		B1FB407321E376A70086AF58 /* B_CategoryTests */ = {
			isa = PBXGroup;
			children = (
				B1FB407421E376A70086AF58 /* B_CategoryTests.m */,
				B1FB407621E376A70086AF58 /* Info.plist */,
			);
			path = B_CategoryTests;
			sourceTree = "<group>";
		};
		B1FB407F21E377B90086AF58 /* B_Category */ = {
			isa = PBXGroup;
			children = (
				B1FB408021E377CB0086AF58 /* CTMediator+B.h */,
				B1FB408121E377CB0086AF58 /* CTMediator+B.m */,
			);
			path = B_Category;
			sourceTree = "<group>";
		};
/* End PBXGroup section */

/* Begin PBXNativeTarget section */
		B1FB405721E376A60086AF58 /* B_Category */ = {
			isa = PBXNativeTarget;
			buildConfigurationList = B1FB407921E376A70086AF58 /* Build configuration list for PBXNativeTarget "B_Category" */;
			buildPhases = (
				58752C42378A6513ED14FEEA /* [CP] Check Pods Manifest.lock */,
				B1FB405421E376A60086AF58 /* Sources */,
				B1FB405521E376A60086AF58 /* Frameworks */,
				B1FB405621E376A60086AF58 /* Resources */,
				AB654E1D7D35D0DA15ACF127 /* [CP] Embed Pods Frameworks */,
			);
			buildRules = (
			);
			dependencies = (
			);
			name = B_Category;
			productName = B_Category;
			productReference = B1FB405821E376A60086AF58 /* B_Category.app */;
			productType = "com.apple.product-type.application";
		};
		B1FB406F21E376A70086AF58 /* B_CategoryTests */ = {
			isa = PBXNativeTarget;
			buildConfigurationList = B1FB407C21E376A70086AF58 /* Build configuration list for PBXNativeTarget "B_CategoryTests" */;
			buildPhases = (
				B1FB406C21E376A70086AF58 /* Sources */,
				B1FB406D21E376A70086AF58 /* Frameworks */,
				B1FB406E21E376A70086AF58 /* Resources */,
			);
			buildRules = (
			);
			dependencies = (
				B1FB407221E376A70086AF58 /* PBXTargetDependency */,
			);
			name = B_CategoryTests;
			productName = B_CategoryTests;
			productReference = B1FB407021E376A70086AF58 /* B_CategoryTests.xctest */;
			productType = "com.apple.product-type.bundle.unit-test";
		};
/* End PBXNativeTarget section */

/* Begin PBXProject section */
		B1FB405021E376A60086AF58 /* Project object */ = {
			isa = PBXProject;
			attributes = {
				LastUpgradeCheck = 1010;
				ORGANIZATIONNAME = LiZhenjie;
				TargetAttributes = {
					B1FB405721E376A60086AF58 = {
						CreatedOnToolsVersion = 10.1;
					};
					B1FB406F21E376A70086AF58 = {
						CreatedOnToolsVersion = 10.1;
						TestTargetID = B1FB405721E376A60086AF58;
					};
				};
			};
			buildConfigurationList = B1FB405321E376A60086AF58 /* Build configuration list for PBXProject "B_Category" */;
			compatibilityVersion = "Xcode 9.3";
			developmentRegion = en;
			hasScannedForEncodings = 0;
			knownRegions = (
				en,
				Base,
			);
			mainGroup = B1FB404F21E376A60086AF58;
			productRefGroup = B1FB405921E376A60086AF58 /* Products */;
			projectDirPath = "";
			projectRoot = "";
			targets = (
				B1FB405721E376A60086AF58 /* B_Category */,
				B1FB406F21E376A70086AF58 /* B_CategoryTests */,
			);
		};
/* End PBXProject section */

/* Begin PBXResourcesBuildPhase section */
		B1FB405621E376A60086AF58 /* Resources */ = {
			isa = PBXResourcesBuildPhase;
			buildActionMask = 2147483647;
			files = (
				B1FB406821E376A70086AF58 /* LaunchScreen.storyboard in Resources */,
				B1FB406521E376A70086AF58 /* Assets.xcassets in Resources */,
				B1FB406321E376A60086AF58 /* Main.storyboard in Resources */,
			);
			runOnlyForDeploymentPostprocessing = 0;
		};
		B1FB406E21E376A70086AF58 /* Resources */ = {
			isa = PBXResourcesBuildPhase;
			buildActionMask = 2147483647;
			files = (
			);
			runOnlyForDeploymentPostprocessing = 0;
		};
/* End PBXResourcesBuildPhase section */

/* Begin PBXShellScriptBuildPhase section */
		58752C42378A6513ED14FEEA /* [CP] Check Pods Manifest.lock */ = {
			isa = PBXShellScriptBuildPhase;
			buildActionMask = 2147483647;
			files = (
			);
			inputFileListPaths = (
			);
			inputPaths = (
				"${PODS_PODFILE_DIR_PATH}/Podfile.lock",
				"${PODS_ROOT}/Manifest.lock",
			);
			name = "[CP] Check Pods Manifest.lock";
			outputFileListPaths = (
			);
			outputPaths = (
				"$(DERIVED_FILE_DIR)/Pods-B_Category-checkManifestLockResult.txt",
			);
			runOnlyForDeploymentPostprocessing = 0;
			shellPath = /bin/sh;
			shellScript = "diff \"${PODS_PODFILE_DIR_PATH}/Podfile.lock\" \"${PODS_ROOT}/Manifest.lock\" > /dev/null\nif [ $? != 0 ] ; then\n    # print error to STDERR\n    echo \"error: The sandbox is not in sync with the Podfile.lock. Run 'pod install' or update your CocoaPods installation.\" >&2\n    exit 1\nfi\n# This output is used by Xcode 'outputs' to avoid re-running this script phase.\necho \"SUCCESS\" > \"${SCRIPT_OUTPUT_FILE_0}\"\n";
			showEnvVarsInLog = 0;
		};
		AB654E1D7D35D0DA15ACF127 /* [CP] Embed Pods Frameworks */ = {
			isa = PBXShellScriptBuildPhase;
			buildActionMask = 2147483647;
			files = (
			);
			inputFileListPaths = (
			);
			inputPaths = (
				"${SRCROOT}/Pods/Target Support Files/Pods-B_Category/Pods-B_Category-frameworks.sh",
				"${BUILT_PRODUCTS_DIR}/CTMediator/CTMediator.framework",
			);
			name = "[CP] Embed Pods Frameworks";
			outputFileListPaths = (
			);
			outputPaths = (
				"${TARGET_BUILD_DIR}/${FRAMEWORKS_FOLDER_PATH}/CTMediator.framework",
			);
			runOnlyForDeploymentPostprocessing = 0;
			shellPath = /bin/sh;
			shellScript = "\"${SRCROOT}/Pods/Target Support Files/Pods-B_Category/Pods-B_Category-frameworks.sh\"\n";
			showEnvVarsInLog = 0;
		};
/* End PBXShellScriptBuildPhase section */

/* Begin PBXSourcesBuildPhase section */
		B1FB405421E376A60086AF58 /* Sources */ = {
			isa = PBXSourcesBuildPhase;
			buildActionMask = 2147483647;
			files = (
				B1FB406021E376A60086AF58 /* ViewController.m in Sources */,
				B1FB406B21E376A70086AF58 /* main.m in Sources */,
				B1FB408221E377CB0086AF58 /* CTMediator+B.m in Sources */,
				B1FB405D21E376A60086AF58 /* AppDelegate.m in Sources */,
			);
			runOnlyForDeploymentPostprocessing = 0;
		};
		B1FB406C21E376A70086AF58 /* Sources */ = {
			isa = PBXSourcesBuildPhase;
			buildActionMask = 2147483647;
			files = (
				B1FB407521E376A70086AF58 /* B_CategoryTests.m in Sources */,
			);
			runOnlyForDeploymentPostprocessing = 0;
		};
/* End PBXSourcesBuildPhase section */

/* Begin PBXTargetDependency section */
		B1FB407221E376A70086AF58 /* PBXTargetDependency */ = {
			isa = PBXTargetDependency;
			target = B1FB405721E376A60086AF58 /* B_Category */;
			targetProxy = B1FB407121E376A70086AF58 /* PBXContainerItemProxy */;
		};
/* End PBXTargetDependency section */

/* Begin PBXVariantGroup section */
		B1FB406121E376A60086AF58 /* Main.storyboard */ = {
			isa = PBXVariantGroup;
			children = (
				B1FB406221E376A60086AF58 /* Base */,
			);
			name = Main.storyboard;
			sourceTree = "<group>";
		};
		B1FB406621E376A70086AF58 /* LaunchScreen.storyboard */ = {
			isa = PBXVariantGroup;
			children = (
				B1FB406721E376A70086AF58 /* Base */,
			);
			name = LaunchScreen.storyboard;
			sourceTree = "<group>";
		};
/* End PBXVariantGroup section */

/* Begin XCBuildConfiguration section */
		B1FB407721E376A70086AF58 /* Debug */ = {
			isa = XCBuildConfiguration;
			buildSettings = {
				ALWAYS_SEARCH_USER_PATHS = NO;
				CLANG_ANALYZER_NONNULL = YES;
				CLANG_ANALYZER_NUMBER_OBJECT_CONVERSION = YES_AGGRESSIVE;
				CLANG_CXX_LANGUAGE_STANDARD = "gnu++14";
				CLANG_CXX_LIBRARY = "libc++";
				CLANG_ENABLE_MODULES = YES;
				CLANG_ENABLE_OBJC_ARC = YES;
				CLANG_ENABLE_OBJC_WEAK = YES;
				CLANG_WARN_BLOCK_CAPTURE_AUTORELEASING = YES;
				CLANG_WARN_BOOL_CONVERSION = YES;
				CLANG_WARN_COMMA = YES;
				CLANG_WARN_CONSTANT_CONVERSION = YES;
				CLANG_WARN_DEPRECATED_OBJC_IMPLEMENTATIONS = YES;
				CLANG_WARN_DIRECT_OBJC_ISA_USAGE = YES_ERROR;
				CLANG_WARN_DOCUMENTATION_COMMENTS = YES;
				CLANG_WARN_EMPTY_BODY = YES;
				CLANG_WARN_ENUM_CONVERSION = YES;
				CLANG_WARN_INFINITE_RECURSION = YES;
				CLANG_WARN_INT_CONVERSION = YES;
				CLANG_WARN_NON_LITERAL_NULL_CONVERSION = YES;
				CLANG_WARN_OBJC_IMPLICIT_RETAIN_SELF = YES;
				CLANG_WARN_OBJC_LITERAL_CONVERSION = YES;
				CLANG_WARN_OBJC_ROOT_CLASS = YES_ERROR;
				CLANG_WARN_RANGE_LOOP_ANALYSIS = YES;
				CLANG_WARN_STRICT_PROTOTYPES = YES;
				CLANG_WARN_SUSPICIOUS_MOVE = YES;
				CLANG_WARN_UNGUARDED_AVAILABILITY = YES_AGGRESSIVE;
				CLANG_WARN_UNREACHABLE_CODE = YES;
				CLANG_WARN__DUPLICATE_METHOD_MATCH = YES;
				CODE_SIGN_IDENTITY = "iPhone Developer";
				COPY_PHASE_STRIP = NO;
				DEBUG_INFORMATION_FORMAT = dwarf;
				ENABLE_STRICT_OBJC_MSGSEND = YES;
				ENABLE_TESTABILITY = YES;
				GCC_C_LANGUAGE_STANDARD = gnu11;
				GCC_DYNAMIC_NO_PIC = NO;
				GCC_NO_COMMON_BLOCKS = YES;
				GCC_OPTIMIZATION_LEVEL = 0;
				GCC_PREPROCESSOR_DEFINITIONS = (
					"DEBUG=1",
					"$(inherited)",
				);
				GCC_WARN_64_TO_32_BIT_CONVERSION = YES;
				GCC_WARN_ABOUT_RETURN_TYPE = YES_ERROR;
				GCC_WARN_UNDECLARED_SELECTOR = YES;
				GCC_WARN_UNINITIALIZED_AUTOS = YES_AGGRESSIVE;
				GCC_WARN_UNUSED_FUNCTION = YES;
				GCC_WARN_UNUSED_VARIABLE = YES;
				IPHONEOS_DEPLOYMENT_TARGET = 12.1;
				MTL_ENABLE_DEBUG_INFO = INCLUDE_SOURCE;
				MTL_FAST_MATH = YES;
				ONLY_ACTIVE_ARCH = YES;
				SDKROOT = iphoneos;
			};
			name = Debug;
		};
		B1FB407821E376A70086AF58 /* Release */ = {
			isa = XCBuildConfiguration;
			buildSettings = {
				ALWAYS_SEARCH_USER_PATHS = NO;
				CLANG_ANALYZER_NONNULL = YES;
				CLANG_ANALYZER_NUMBER_OBJECT_CONVERSION = YES_AGGRESSIVE;
				CLANG_CXX_LANGUAGE_STANDARD = "gnu++14";
				CLANG_CXX_LIBRARY = "libc++";
				CLANG_ENABLE_MODULES = YES;
				CLANG_ENABLE_OBJC_ARC = YES;
				CLANG_ENABLE_OBJC_WEAK = YES;
				CLANG_WARN_BLOCK_CAPTURE_AUTORELEASING = YES;
				CLANG_WARN_BOOL_CONVERSION = YES;
				CLANG_WARN_COMMA = YES;
				CLANG_WARN_CONSTANT_CONVERSION = YES;
				CLANG_WARN_DEPRECATED_OBJC_IMPLEMENTATIONS = YES;
				CLANG_WARN_DIRECT_OBJC_ISA_USAGE = YES_ERROR;
				CLANG_WARN_DOCUMENTATION_COMMENTS = YES;
				CLANG_WARN_EMPTY_BODY = YES;
				CLANG_WARN_ENUM_CONVERSION = YES;
				CLANG_WARN_INFINITE_RECURSION = YES;
				CLANG_WARN_INT_CONVERSION = YES;
				CLANG_WARN_NON_LITERAL_NULL_CONVERSION = YES;
				CLANG_WARN_OBJC_IMPLICIT_RETAIN_SELF = YES;
				CLANG_WARN_OBJC_LITERAL_CONVERSION = YES;
				CLANG_WARN_OBJC_ROOT_CLASS = YES_ERROR;
				CLANG_WARN_RANGE_LOOP_ANALYSIS = YES;
				CLANG_WARN_STRICT_PROTOTYPES = YES;
				CLANG_WARN_SUSPICIOUS_MOVE = YES;
				CLANG_WARN_UNGUARDED_AVAILABILITY = YES_AGGRESSIVE;
				CLANG_WARN_UNREACHABLE_CODE = YES;
				CLANG_WARN__DUPLICATE_METHOD_MATCH = YES;
				CODE_SIGN_IDENTITY = "iPhone Developer";
				COPY_PHASE_STRIP = NO;
				DEBUG_INFORMATION_FORMAT = "dwarf-with-dsym";
				ENABLE_NS_ASSERTIONS = NO;
				ENABLE_STRICT_OBJC_MSGSEND = YES;
				GCC_C_LANGUAGE_STANDARD = gnu11;
				GCC_NO_COMMON_BLOCKS = YES;
				GCC_WARN_64_TO_32_BIT_CONVERSION = YES;
				GCC_WARN_ABOUT_RETURN_TYPE = YES_ERROR;
				GCC_WARN_UNDECLARED_SELECTOR = YES;
				GCC_WARN_UNINITIALIZED_AUTOS = YES_AGGRESSIVE;
				GCC_WARN_UNUSED_FUNCTION = YES;
				GCC_WARN_UNUSED_VARIABLE = YES;
				IPHONEOS_DEPLOYMENT_TARGET = 12.1;
				MTL_ENABLE_DEBUG_INFO = NO;
				MTL_FAST_MATH = YES;
				SDKROOT = iphoneos;
				VALIDATE_PRODUCT = YES;
			};
			name = Release;
		};
		B1FB407A21E376A70086AF58 /* Debug */ = {
			isa = XCBuildConfiguration;
			baseConfigurationReference = BAC296FCE254C8A033AF246F /* Pods-B_Category.debug.xcconfig */;
			buildSettings = {
				ASSETCATALOG_COMPILER_APPICON_NAME = AppIcon;
				CODE_SIGN_STYLE = Automatic;
				INFOPLIST_FILE = B_Category/Info.plist;
				LD_RUNPATH_SEARCH_PATHS = (
					"$(inherited)",
					"@executable_path/Frameworks",
				);
				PRODUCT_BUNDLE_IDENTIFIER = "com.limite.me.B-Category";
				PRODUCT_NAME = "$(TARGET_NAME)";
				TARGETED_DEVICE_FAMILY = "1,2";
			};
			name = Debug;
		};
		B1FB407B21E376A70086AF58 /* Release */ = {
			isa = XCBuildConfiguration;
			baseConfigurationReference = FD834A799E346AD71C4A1991 /* Pods-B_Category.release.xcconfig */;
			buildSettings = {
				ASSETCATALOG_COMPILER_APPICON_NAME = AppIcon;
				CODE_SIGN_STYLE = Automatic;
				INFOPLIST_FILE = B_Category/Info.plist;
				LD_RUNPATH_SEARCH_PATHS = (
					"$(inherited)",
					"@executable_path/Frameworks",
				);
				PRODUCT_BUNDLE_IDENTIFIER = "com.limite.me.B-Category";
				PRODUCT_NAME = "$(TARGET_NAME)";
				TARGETED_DEVICE_FAMILY = "1,2";
			};
			name = Release;
		};
		B1FB407D21E376A70086AF58 /* Debug */ = {
			isa = XCBuildConfiguration;
			buildSettings = {
				BUNDLE_LOADER = "$(TEST_HOST)";
				CODE_SIGN_STYLE = Automatic;
				INFOPLIST_FILE = B_CategoryTests/Info.plist;
				LD_RUNPATH_SEARCH_PATHS = (
					"$(inherited)",
					"@executable_path/Frameworks",
					"@loader_path/Frameworks",
				);
				PRODUCT_BUNDLE_IDENTIFIER = "com.limite.me.B-CategoryTests";
				PRODUCT_NAME = "$(TARGET_NAME)";
				TARGETED_DEVICE_FAMILY = "1,2";
				TEST_HOST = "$(BUILT_PRODUCTS_DIR)/B_Category.app/B_Category";
			};
			name = Debug;
		};
		B1FB407E21E376A70086AF58 /* Release */ = {
			isa = XCBuildConfiguration;
			buildSettings = {
				BUNDLE_LOADER = "$(TEST_HOST)";
				CODE_SIGN_STYLE = Automatic;
				INFOPLIST_FILE = B_CategoryTests/Info.plist;
				LD_RUNPATH_SEARCH_PATHS = (
					"$(inherited)",
					"@executable_path/Frameworks",
					"@loader_path/Frameworks",
				);
				PRODUCT_BUNDLE_IDENTIFIER = "com.limite.me.B-CategoryTests";
				PRODUCT_NAME = "$(TARGET_NAME)";
				TARGETED_DEVICE_FAMILY = "1,2";
				TEST_HOST = "$(BUILT_PRODUCTS_DIR)/B_Category.app/B_Category";
			};
			name = Release;
		};
/* End XCBuildConfiguration section */

/* Begin XCConfigurationList section */
		B1FB405321E376A60086AF58 /* Build configuration list for PBXProject "B_Category" */ = {
			isa = XCConfigurationList;
			buildConfigurations = (
				B1FB407721E376A70086AF58 /* Debug */,
				B1FB407821E376A70086AF58 /* Release */,
			);
			defaultConfigurationIsVisible = 0;
			defaultConfigurationName = Release;
		};
		B1FB407921E376A70086AF58 /* Build configuration list for PBXNativeTarget "B_Category" */ = {
			isa = XCConfigurationList;
			buildConfigurations = (
				B1FB407A21E376A70086AF58 /* Debug */,
				B1FB407B21E376A70086AF58 /* Release */,
			);
			defaultConfigurationIsVisible = 0;
			defaultConfigurationName = Release;
		};
		B1FB407C21E376A70086AF58 /* Build configuration list for PBXNativeTarget "B_CategoryTests" */ = {
			isa = XCConfigurationList;
			buildConfigurations = (
				B1FB407D21E376A70086AF58 /* Debug */,
				B1FB407E21E376A70086AF58 /* Release */,
			);
			defaultConfigurationIsVisible = 0;
			defaultConfigurationName = Release;
		};
/* End XCConfigurationList section */
	};
	rootObject = B1FB405021E376A60086AF58 /* Project object */;
}
